
Microsoft Visual Studio Solution File, Format Version 12.00
# Visual Studio Version 16
VisualStudioVersion = 16.0.29806.167
MinimumVisualStudioVersion = 10.0.40219.1
Project("{8BC9CEB8-8B4A-11D0-8D11-00A0C91BC942}") = "Core", "Libraries\Base\Core\Core.vcxproj", "{AACFE62F-5400-4A81-87AD-B37573A1F5C9}"
EndProject
Project("{8BC9CEB8-8B4A-11D0-8D11-00A0C91BC942}") = "Math", "Libraries\Base\Math\Math.vcxproj", "{A82BD627-0746-4F67-856F-396335084FEE}"
EndProject
Project("{8BC9CEB8-8B4A-11D0-8D11-00A0C91BC942}") = "Mesh", "Libraries\Geometry\Mesh\Mesh.vcxproj", "{E7CF4287-E8FF-4D29-8883-5A05A6590AF3}"
EndProject
Project("{8BC9CEB8-8B4A-11D0-8D11-00A0C91BC942}") = "GeomDS", "Libraries\Geometry\GeomDS\GeomDS.vcxproj", "{163426B2-AF7C-4713-8E3C-1A56A9CC0ABF}"
EndProject
Project("{2150E333-8FDC-42A3-9474-1A3956D46DE8}") = "Libraries", "Libraries", "{FF22CFC5-99E0-43DE-A174-B01A9DA05F98}"
EndProject
Project("{2150E333-8FDC-42A3-9474-1A3956D46DE8}") = "Geometry", "Geometry", "{DA791E21-720F-4AB7-814E-F0577AC43063}"
EndProject
Project("{2150E333-8FDC-42A3-9474-1A3956D46DE8}") = "Base", "Base", "{FE0FF8D9-F017-47F5-8757-71FEBA0AD0A1}"
EndProject
Project("{2150E333-8FDC-42A3-9474-1A3956D46DE8}") = "Apps", "Apps", "{13E8C4A1-0338-428F-BF47-E9AA893329D5}"
EndProject
Project("{8BC9CEB8-8B4A-11D0-8D11-00A0C91BC942}") = "UnitTester", "Apps\UnitTester\UnitTester.vcxproj", "{58CEECCD-15FF-47EA-8084-FF23A212C8E0}"
EndProject
Project("{2150E333-8FDC-42A3-9474-1A3956D46DE8}") = "Solution Items", "Solution Items", "{6A85EB3D-4FE2-43B0-9C44-E1A358F4AE65}"
	ProjectSection(SolutionItems) = preProject
		.gitignore = .gitignore
		LICENSE = LICENSE
		README.md = README.md
	EndProjectSection
EndProject
Project("{8BC9CEB8-8B4A-11D0-8D11-00A0C91BC942}") = "MeshViewer", "Apps\MeshViewer\MeshViewer.vcxproj", "{2DBE7E84-DEC8-4D03-811F-997DEC5D3CE4}"
EndProject
Project("{2150E333-8FDC-42A3-9474-1A3956D46DE8}") = "Rendering", "Rendering", "{B74B63E0-E87A-4063-8622-DE713CAF38A7}"
EndProject
Project("{8BC9CEB8-8B4A-11D0-8D11-00A0C91BC942}") = "Caustic", "Libraries\Rendering\Caustic\Caustic.vcxproj", "{60A04400-10F9-4C6D-B34C-D5C7EBAFA262}"
EndProject
Project("{8BC9CEB8-8B4A-11D0-8D11-00A0C91BC942}") = "Caustic12", "Libraries\Rendering\Caustic12\Caustic12.vcxproj", "{59E83D8D-233E-4C23-AB90-32D3B6DDE9ED}"
EndProject
Project("{2150E333-8FDC-42A3-9474-1A3956D46DE8}") = "Tools", "Tools", "{EDDF7B63-077B-4793-9638-22B2D7ECD628}"
EndProject
Project("{8BC9CEB8-8B4A-11D0-8D11-00A0C91BC942}") = "ParseShader", "Tools\ParseShader\ParseShader.vcxproj", "{7C566027-E2D9-48EB-8F89-CB245F87E02C}"
EndProject
Project("{8BC9CEB8-8B4A-11D0-8D11-00A0C91BC942}") = "CompileShader", "Tools\CompileShader\CompileShader.vcxitems", "{4D7597D4-ADFE-4F2D-B78D-36226A6CB35D}"
EndProject
Project("{8BC9CEB8-8B4A-11D0-8D11-00A0C91BC942}") = "SceneGraph", "Libraries\Rendering\SceneGraph\SceneGraph.vcxproj", "{49433C2E-BF12-4B0F-8DD2-204C3339D5C5}"
EndProject
Project("{8BC9CEB8-8B4A-11D0-8D11-00A0C91BC942}") = "MeshImport", "Libraries\Geometry\MeshImport\MeshImport.vcxproj", "{F51B95ED-2F23-4D3C-8176-C51CA1CE9EA2}"
EndProject
Project("{8BC9CEB8-8B4A-11D0-8D11-00A0C91BC942}") = "SceneImport", "Libraries\Rendering\SceneImport\SceneImport.vcxproj", "{728CA062-C6D7-4043-942B-89C843F86C04}"
EndProject
Project("{8BC9CEB8-8B4A-11D0-8D11-00A0C91BC942}") = "RenderWindow", "Libraries\Rendering\RenderWindow\RenderWindow.vcxproj", "{D031B042-4ACD-4703-8DF4-BA768148262A}"
EndProject
Project("{2150E333-8FDC-42A3-9474-1A3956D46DE8}") = "Imaging", "Imaging", "{CE35B135-A8F8-47F8-AE64-789E7744950C}"
EndProject
Project("{8BC9CEB8-8B4A-11D0-8D11-00A0C91BC942}") = "GPUImage", "Libraries\Imaging\GPUImage\GPUImage.vcxproj", "{DA295723-0117-49D6-B2E1-372592BB1851}"
EndProject
Project("{8BC9CEB8-8B4A-11D0-8D11-00A0C91BC942}") = "Image", "Libraries\Imaging\Image\Image.vcxproj", "{F7BEF797-220C-4585-A489-F06DF155EA60}"
EndProject
Project("{FAE04EC0-301F-11D3-BF4B-00C04F79EFBC}") = "ImageToMesh", "Apps\ImageToMesh\ImageToMesh.csproj", "{781E65A1-59B7-4DE7-B706-91D982F1A33C}"
EndProject
Project("{2150E333-8FDC-42A3-9474-1A3956D46DE8}") = "Interop", "Interop", "{5F9C3BDE-23AE-4EF5-B3ED-78635E4F217C}"
EndProject
Project("{8BC9CEB8-8B4A-11D0-8D11-00A0C91BC942}") = "Image", "Libraries\Interop\Imaging\Image\Image.vcxproj", "{968E29B0-308A-43AB-AB6A-2BFD72AF06DF}"
EndProject
Project("{8BC9CEB8-8B4A-11D0-8D11-00A0C91BC942}") = "Rast", "Libraries\Geometry\Rast\Rast.vcxproj", "{1310081F-25F3-48CB-BB3B-B302D973902E}"
EndProject
Project("{FAE04EC0-301F-11D3-BF4B-00C04F79EFBC}") = "UPCInput", "Tools\UPCInput\UPCInput.csproj", "{02F10C4E-7E38-4FF1-B0B6-5D4AB8033C9F}"
EndProject
Project("{FAE04EC0-301F-11D3-BF4B-00C04F79EFBC}") = "FoodInventory", "Tools\FoodInventory\FoodInventory.csproj", "{15706D7E-301A-43CE-BE65-D6AF300B6FB6}"
EndProject
Project("{2150E333-8FDC-42A3-9474-1A3956D46DE8}") = "Documentation", "Documentation", "{F19F76F9-F631-44FE-A6EB-2EF975EEA325}"
	ProjectSection(SolutionItems) = preProject
		docs\Comments.txt = docs\Comments.txt
		docs\Languages.txt = docs\Languages.txt
		docs\Project.txt = docs\Project.txt
		docs\README = docs\README
	EndProjectSection
EndProject
Project("{8BC9CEB8-8B4A-11D0-8D11-00A0C91BC942}") = "BuildDoc", "BuildDoc\BuildDoc.vcxproj", "{0AA5A291-FAEC-473B-960E-326B76067B0C}"
EndProject
Project("{2150E333-8FDC-42A3-9474-1A3956D46DE8}") = "Cameras", "Cameras", "{D3EDC083-19DE-435B-93D9-CF91A6CBEF6C}"
EndProject
Project("{8BC9CEB8-8B4A-11D0-8D11-00A0C91BC942}") = "AzureKinect", "Libraries\Cameras\AzureKinect\AzureKinect.vcxproj", "{CACC2B4B-984D-49B1-8F5B-AA5B48A9D686}"
EndProject
Project("{8BC9CEB8-8B4A-11D0-8D11-00A0C91BC942}") = "CameraBase", "Libraries\Cameras\CameraBase\CameraBase.vcxproj", "{6BFEACF4-1BAC-46EF-9945-EB31A8151B21}"
EndProject
Project("{8BC9CEB8-8B4A-11D0-8D11-00A0C91BC942}") = "SimpleImageViewer", "Apps\SimpleImageViewer\SimpleImageViewer.vcxproj", "{A709451A-AF31-43BE-9204-63A5B6D544A0}"
EndProject
Project("{8BC9CEB8-8B4A-11D0-8D11-00A0C91BC942}") = "Fomit", "Apps\Fomit\Fomit.vcxproj", "{3567032E-1896-4CCE-8319-65A94F7EB46E}"
EndProject
Global
	GlobalSection(SolutionConfigurationPlatforms) = preSolution
		Debug|x64 = Debug|x64
		Release|x64 = Release|x64
	EndGlobalSection
	GlobalSection(ProjectConfigurationPlatforms) = postSolution
		{AACFE62F-5400-4A81-87AD-B37573A1F5C9}.Debug|x64.ActiveCfg = Debug|x64
		{AACFE62F-5400-4A81-87AD-B37573A1F5C9}.Debug|x64.Build.0 = Debug|x64
		{AACFE62F-5400-4A81-87AD-B37573A1F5C9}.Release|x64.ActiveCfg = Release|x64
		{AACFE62F-5400-4A81-87AD-B37573A1F5C9}.Release|x64.Build.0 = Release|x64
		{A82BD627-0746-4F67-856F-396335084FEE}.Debug|x64.ActiveCfg = Debug|x64
		{A82BD627-0746-4F67-856F-396335084FEE}.Debug|x64.Build.0 = Debug|x64
		{A82BD627-0746-4F67-856F-396335084FEE}.Release|x64.ActiveCfg = Release|x64
		{A82BD627-0746-4F67-856F-396335084FEE}.Release|x64.Build.0 = Release|x64
		{E7CF4287-E8FF-4D29-8883-5A05A6590AF3}.Debug|x64.ActiveCfg = Debug|x64
		{E7CF4287-E8FF-4D29-8883-5A05A6590AF3}.Debug|x64.Build.0 = Debug|x64
		{E7CF4287-E8FF-4D29-8883-5A05A6590AF3}.Release|x64.ActiveCfg = Release|x64
		{E7CF4287-E8FF-4D29-8883-5A05A6590AF3}.Release|x64.Build.0 = Release|x64
		{163426B2-AF7C-4713-8E3C-1A56A9CC0ABF}.Debug|x64.ActiveCfg = Debug|x64
		{163426B2-AF7C-4713-8E3C-1A56A9CC0ABF}.Debug|x64.Build.0 = Debug|x64
		{163426B2-AF7C-4713-8E3C-1A56A9CC0ABF}.Release|x64.ActiveCfg = Release|x64
		{163426B2-AF7C-4713-8E3C-1A56A9CC0ABF}.Release|x64.Build.0 = Release|x64
		{58CEECCD-15FF-47EA-8084-FF23A212C8E0}.Debug|x64.ActiveCfg = Debug|x64
		{58CEECCD-15FF-47EA-8084-FF23A212C8E0}.Debug|x64.Build.0 = Debug|x64
		{58CEECCD-15FF-47EA-8084-FF23A212C8E0}.Release|x64.ActiveCfg = Release|x64
		{58CEECCD-15FF-47EA-8084-FF23A212C8E0}.Release|x64.Build.0 = Release|x64
		{2DBE7E84-DEC8-4D03-811F-997DEC5D3CE4}.Debug|x64.ActiveCfg = Debug|x64
		{2DBE7E84-DEC8-4D03-811F-997DEC5D3CE4}.Debug|x64.Build.0 = Debug|x64
		{2DBE7E84-DEC8-4D03-811F-997DEC5D3CE4}.Release|x64.ActiveCfg = Release|x64
		{2DBE7E84-DEC8-4D03-811F-997DEC5D3CE4}.Release|x64.Build.0 = Release|x64
		{60A04400-10F9-4C6D-B34C-D5C7EBAFA262}.Debug|x64.ActiveCfg = Debug|x64
		{60A04400-10F9-4C6D-B34C-D5C7EBAFA262}.Debug|x64.Build.0 = Debug|x64
		{60A04400-10F9-4C6D-B34C-D5C7EBAFA262}.Release|x64.ActiveCfg = Release|x64
		{60A04400-10F9-4C6D-B34C-D5C7EBAFA262}.Release|x64.Build.0 = Release|x64
		{59E83D8D-233E-4C23-AB90-32D3B6DDE9ED}.Debug|x64.ActiveCfg = Debug|x64
		{59E83D8D-233E-4C23-AB90-32D3B6DDE9ED}.Debug|x64.Build.0 = Debug|x64
		{59E83D8D-233E-4C23-AB90-32D3B6DDE9ED}.Release|x64.ActiveCfg = Release|x64
		{59E83D8D-233E-4C23-AB90-32D3B6DDE9ED}.Release|x64.Build.0 = Release|x64
		{7C566027-E2D9-48EB-8F89-CB245F87E02C}.Debug|x64.ActiveCfg = Debug|x64
		{7C566027-E2D9-48EB-8F89-CB245F87E02C}.Debug|x64.Build.0 = Debug|x64
		{7C566027-E2D9-48EB-8F89-CB245F87E02C}.Release|x64.ActiveCfg = Release|x64
		{7C566027-E2D9-48EB-8F89-CB245F87E02C}.Release|x64.Build.0 = Release|x64
		{49433C2E-BF12-4B0F-8DD2-204C3339D5C5}.Debug|x64.ActiveCfg = Debug|x64
		{49433C2E-BF12-4B0F-8DD2-204C3339D5C5}.Debug|x64.Build.0 = Debug|x64
		{49433C2E-BF12-4B0F-8DD2-204C3339D5C5}.Release|x64.ActiveCfg = Release|x64
		{49433C2E-BF12-4B0F-8DD2-204C3339D5C5}.Release|x64.Build.0 = Release|x64
		{F51B95ED-2F23-4D3C-8176-C51CA1CE9EA2}.Debug|x64.ActiveCfg = Debug|x64
		{F51B95ED-2F23-4D3C-8176-C51CA1CE9EA2}.Debug|x64.Build.0 = Debug|x64
		{F51B95ED-2F23-4D3C-8176-C51CA1CE9EA2}.Release|x64.ActiveCfg = Release|x64
		{F51B95ED-2F23-4D3C-8176-C51CA1CE9EA2}.Release|x64.Build.0 = Release|x64
		{728CA062-C6D7-4043-942B-89C843F86C04}.Debug|x64.ActiveCfg = Debug|x64
		{728CA062-C6D7-4043-942B-89C843F86C04}.Debug|x64.Build.0 = Debug|x64
		{728CA062-C6D7-4043-942B-89C843F86C04}.Release|x64.ActiveCfg = Release|x64
		{728CA062-C6D7-4043-942B-89C843F86C04}.Release|x64.Build.0 = Release|x64
		{D031B042-4ACD-4703-8DF4-BA768148262A}.Debug|x64.ActiveCfg = Debug|x64
		{D031B042-4ACD-4703-8DF4-BA768148262A}.Debug|x64.Build.0 = Debug|x64
		{D031B042-4ACD-4703-8DF4-BA768148262A}.Release|x64.ActiveCfg = Release|x64
		{D031B042-4ACD-4703-8DF4-BA768148262A}.Release|x64.Build.0 = Release|x64
		{DA295723-0117-49D6-B2E1-372592BB1851}.Debug|x64.ActiveCfg = Debug|x64
		{DA295723-0117-49D6-B2E1-372592BB1851}.Release|x64.ActiveCfg = Release|x64
		{F7BEF797-220C-4585-A489-F06DF155EA60}.Debug|x64.ActiveCfg = Debug|x64
		{F7BEF797-220C-4585-A489-F06DF155EA60}.Debug|x64.Build.0 = Debug|x64
		{F7BEF797-220C-4585-A489-F06DF155EA60}.Release|x64.ActiveCfg = Release|x64
		{F7BEF797-220C-4585-A489-F06DF155EA60}.Release|x64.Build.0 = Release|x64
		{781E65A1-59B7-4DE7-B706-91D982F1A33C}.Debug|x64.ActiveCfg = Debug|x64
		{781E65A1-59B7-4DE7-B706-91D982F1A33C}.Debug|x64.Build.0 = Debug|x64
		{781E65A1-59B7-4DE7-B706-91D982F1A33C}.Release|x64.ActiveCfg = Release|x64
		{781E65A1-59B7-4DE7-B706-91D982F1A33C}.Release|x64.Build.0 = Release|x64
		{968E29B0-308A-43AB-AB6A-2BFD72AF06DF}.Debug|x64.ActiveCfg = Debug|x64
		{968E29B0-308A-43AB-AB6A-2BFD72AF06DF}.Debug|x64.Build.0 = Debug|x64
		{968E29B0-308A-43AB-AB6A-2BFD72AF06DF}.Release|x64.ActiveCfg = Release|x64
		{968E29B0-308A-43AB-AB6A-2BFD72AF06DF}.Release|x64.Build.0 = Release|x64
		{1310081F-25F3-48CB-BB3B-B302D973902E}.Debug|x64.ActiveCfg = Debug|x64
		{1310081F-25F3-48CB-BB3B-B302D973902E}.Debug|x64.Build.0 = Debug|x64
		{1310081F-25F3-48CB-BB3B-B302D973902E}.Release|x64.ActiveCfg = Release|x64
		{1310081F-25F3-48CB-BB3B-B302D973902E}.Release|x64.Build.0 = Release|x64
		{02F10C4E-7E38-4FF1-B0B6-5D4AB8033C9F}.Debug|x64.ActiveCfg = Debug|Any CPU
		{02F10C4E-7E38-4FF1-B0B6-5D4AB8033C9F}.Debug|x64.Build.0 = Debug|Any CPU
		{02F10C4E-7E38-4FF1-B0B6-5D4AB8033C9F}.Release|x64.ActiveCfg = Release|Any CPU
		{02F10C4E-7E38-4FF1-B0B6-5D4AB8033C9F}.Release|x64.Build.0 = Release|Any CPU
		{15706D7E-301A-43CE-BE65-D6AF300B6FB6}.Debug|x64.ActiveCfg = Debug|Any CPU
		{15706D7E-301A-43CE-BE65-D6AF300B6FB6}.Debug|x64.Build.0 = Debug|Any CPU
		{15706D7E-301A-43CE-BE65-D6AF300B6FB6}.Release|x64.ActiveCfg = Release|Any CPU
		{15706D7E-301A-43CE-BE65-D6AF300B6FB6}.Release|x64.Build.0 = Release|Any CPU
		{0AA5A291-FAEC-473B-960E-326B76067B0C}.Debug|x64.ActiveCfg = Debug|x64
		{0AA5A291-FAEC-473B-960E-326B76067B0C}.Debug|x64.Build.0 = Debug|x64
		{0AA5A291-FAEC-473B-960E-326B76067B0C}.Release|x64.ActiveCfg = Release|x64
		{0AA5A291-FAEC-473B-960E-326B76067B0C}.Release|x64.Build.0 = Release|x64
		{CACC2B4B-984D-49B1-8F5B-AA5B48A9D686}.Debug|x64.ActiveCfg = Debug|x64
		{CACC2B4B-984D-49B1-8F5B-AA5B48A9D686}.Debug|x64.Build.0 = Debug|x64
		{CACC2B4B-984D-49B1-8F5B-AA5B48A9D686}.Release|x64.ActiveCfg = Release|x64
		{CACC2B4B-984D-49B1-8F5B-AA5B48A9D686}.Release|x64.Build.0 = Release|x64
		{6BFEACF4-1BAC-46EF-9945-EB31A8151B21}.Debug|x64.ActiveCfg = Debug|x64
		{6BFEACF4-1BAC-46EF-9945-EB31A8151B21}.Debug|x64.Build.0 = Debug|x64
		{6BFEACF4-1BAC-46EF-9945-EB31A8151B21}.Release|x64.ActiveCfg = Release|x64
		{6BFEACF4-1BAC-46EF-9945-EB31A8151B21}.Release|x64.Build.0 = Release|x64
		{A709451A-AF31-43BE-9204-63A5B6D544A0}.Debug|x64.ActiveCfg = Debug|x64
		{A709451A-AF31-43BE-9204-63A5B6D544A0}.Debug|x64.Build.0 = Debug|x64
		{A709451A-AF31-43BE-9204-63A5B6D544A0}.Release|x64.ActiveCfg = Release|x64
		{A709451A-AF31-43BE-9204-63A5B6D544A0}.Release|x64.Build.0 = Release|x64
		{3567032E-1896-4CCE-8319-65A94F7EB46E}.Debug|x64.ActiveCfg = Debug|x64
		{3567032E-1896-4CCE-8319-65A94F7EB46E}.Debug|x64.Build.0 = Debug|x64
		{3567032E-1896-4CCE-8319-65A94F7EB46E}.Release|x64.ActiveCfg = Release|x64
		{3567032E-1896-4CCE-8319-65A94F7EB46E}.Release|x64.Build.0 = Release|x64
	EndGlobalSection
	GlobalSection(SolutionProperties) = preSolution
		HideSolutionNode = FALSE
	EndGlobalSection
	GlobalSection(NestedProjects) = preSolution
		{AACFE62F-5400-4A81-87AD-B37573A1F5C9} = {FE0FF8D9-F017-47F5-8757-71FEBA0AD0A1}
		{A82BD627-0746-4F67-856F-396335084FEE} = {FE0FF8D9-F017-47F5-8757-71FEBA0AD0A1}
		{E7CF4287-E8FF-4D29-8883-5A05A6590AF3} = {DA791E21-720F-4AB7-814E-F0577AC43063}
		{163426B2-AF7C-4713-8E3C-1A56A9CC0ABF} = {DA791E21-720F-4AB7-814E-F0577AC43063}
		{DA791E21-720F-4AB7-814E-F0577AC43063} = {FF22CFC5-99E0-43DE-A174-B01A9DA05F98}
		{FE0FF8D9-F017-47F5-8757-71FEBA0AD0A1} = {FF22CFC5-99E0-43DE-A174-B01A9DA05F98}
		{58CEECCD-15FF-47EA-8084-FF23A212C8E0} = {13E8C4A1-0338-428F-BF47-E9AA893329D5}
		{2DBE7E84-DEC8-4D03-811F-997DEC5D3CE4} = {13E8C4A1-0338-428F-BF47-E9AA893329D5}
		{B74B63E0-E87A-4063-8622-DE713CAF38A7} = {FF22CFC5-99E0-43DE-A174-B01A9DA05F98}
		{60A04400-10F9-4C6D-B34C-D5C7EBAFA262} = {B74B63E0-E87A-4063-8622-DE713CAF38A7}
		{59E83D8D-233E-4C23-AB90-32D3B6DDE9ED} = {B74B63E0-E87A-4063-8622-DE713CAF38A7}
		{7C566027-E2D9-48EB-8F89-CB245F87E02C} = {EDDF7B63-077B-4793-9638-22B2D7ECD628}
		{4D7597D4-ADFE-4F2D-B78D-36226A6CB35D} = {EDDF7B63-077B-4793-9638-22B2D7ECD628}
		{49433C2E-BF12-4B0F-8DD2-204C3339D5C5} = {B74B63E0-E87A-4063-8622-DE713CAF38A7}
		{F51B95ED-2F23-4D3C-8176-C51CA1CE9EA2} = {DA791E21-720F-4AB7-814E-F0577AC43063}
		{728CA062-C6D7-4043-942B-89C843F86C04} = {B74B63E0-E87A-4063-8622-DE713CAF38A7}
		{D031B042-4ACD-4703-8DF4-BA768148262A} = {B74B63E0-E87A-4063-8622-DE713CAF38A7}
		{CE35B135-A8F8-47F8-AE64-789E7744950C} = {FF22CFC5-99E0-43DE-A174-B01A9DA05F98}
		{DA295723-0117-49D6-B2E1-372592BB1851} = {CE35B135-A8F8-47F8-AE64-789E7744950C}
		{F7BEF797-220C-4585-A489-F06DF155EA60} = {CE35B135-A8F8-47F8-AE64-789E7744950C}
		{781E65A1-59B7-4DE7-B706-91D982F1A33C} = {13E8C4A1-0338-428F-BF47-E9AA893329D5}
		{5F9C3BDE-23AE-4EF5-B3ED-78635E4F217C} = {FF22CFC5-99E0-43DE-A174-B01A9DA05F98}
		{968E29B0-308A-43AB-AB6A-2BFD72AF06DF} = {5F9C3BDE-23AE-4EF5-B3ED-78635E4F217C}
		{1310081F-25F3-48CB-BB3B-B302D973902E} = {DA791E21-720F-4AB7-814E-F0577AC43063}
		{02F10C4E-7E38-4FF1-B0B6-5D4AB8033C9F} = {EDDF7B63-077B-4793-9638-22B2D7ECD628}
		{15706D7E-301A-43CE-BE65-D6AF300B6FB6} = {EDDF7B63-077B-4793-9638-22B2D7ECD628}
		{0AA5A291-FAEC-473B-960E-326B76067B0C} = {F19F76F9-F631-44FE-A6EB-2EF975EEA325}
		{D3EDC083-19DE-435B-93D9-CF91A6CBEF6C} = {FF22CFC5-99E0-43DE-A174-B01A9DA05F98}
		{CACC2B4B-984D-49B1-8F5B-AA5B48A9D686} = {D3EDC083-19DE-435B-93D9-CF91A6CBEF6C}
		{6BFEACF4-1BAC-46EF-9945-EB31A8151B21} = {D3EDC083-19DE-435B-93D9-CF91A6CBEF6C}
		{A709451A-AF31-43BE-9204-63A5B6D544A0} = {13E8C4A1-0338-428F-BF47-E9AA893329D5}
		{3567032E-1896-4CCE-8319-65A94F7EB46E} = {13E8C4A1-0338-428F-BF47-E9AA893329D5}
	EndGlobalSection
	GlobalSection(ExtensibilityGlobals) = postSolution
		SolutionGuid = {60363C0E-C20A-4E6B-AE61-6E0BD7D6B964}
	EndGlobalSection
EndGlobal
