<?xml version="1.0" encoding="utf-8"?>
<Project ToolsVersion="4.0" xmlns="http://schemas.microsoft.com/developer/msbuild/2003">
  <ItemGroup>
    <Filter Include="Source Files">
      <UniqueIdentifier>{4FC737F1-C7A5-4376-A066-2A32D752A2FF}</UniqueIdentifier>
      <Extensions>cpp;c;cc;cxx;def;odl;idl;hpj;bat;asm;asmx</Extensions>
    </Filter>
  </ItemGroup>
  <ItemGroup>
    <ClCompile Include="Submesh.cpp">
      <Filter>Source Files</Filter>
    </ClCompile>
    <ClCompile Include="Mesh.cpp">
      <Filter>Source Files</Filter>
    </ClCompile>
    <ClCompile Include="CommonShapes.cpp">
      <Filter>Source Files</Filter>
    </ClCompile>
    <ClCompile Include="MeshConstructor.cpp">
      <Filter>Source Files</Filter>
    </ClCompile>
    <ClCompile Include="UnitTest.cpp">
      <Filter>Source Files</Filter>
    </ClCompile>
    <ClCompile Include="Delaunay.cpp">
      <Filter>Source Files</Filter>
    </ClCompile>
    <ClCompile Include="MeshToRenderMesh.cpp">
      <Filter>Source Files</Filter>
    </ClCompile>
    <ClCompile Include="RenderTypes.ixx">
      <Filter>Source Files</Filter>
    </ClCompile>
    <ClCompile Include="MaterialAttrib.cpp">
      <Filter>Source Files</Filter>
    </ClCompile>
    <ClCompile Include="Delaunay.ixx">
      <Filter>Source Files</Filter>
    </ClCompile>
    <ClCompile Include="IDelaunay.ixx">
      <Filter>Source Files</Filter>
    </ClCompile>
    <ClCompile Include="IMeshConstructor.ixx">
      <Filter>Source Files</Filter>
    </ClCompile>
    <ClCompile Include="IMeshConstructor.cpp">
      <Filter>Source Files</Filter>
    </ClCompile>
    <ClCompile Include="IMesh.ixx">
      <Filter>Source Files</Filter>
    </ClCompile>
    <ClCompile Include="MaterialAttrib.ixx">
      <Filter>Source Files</Filter>
    </ClCompile>
    <ClCompile Include="IMaterialAttrib.ixx">
      <Filter>Source Files</Filter>
    </ClCompile>
    <ClCompile Include="Mesh.ixx">
      <Filter>Source Files</Filter>
    </ClCompile>
    <ClCompile Include="MeshConstructor.ixx">
      <Filter>Source Files</Filter>
    </ClCompile>
    <ClCompile Include="MeshFuncs.ixx">
      <Filter>Source Files</Filter>
    </ClCompile>
    <ClCompile Include="UnitTest.ixx">
      <Filter>Source Files</Filter>
    </ClCompile>
  </ItemGroup>
</Project>