<?xml version="1.0" encoding="utf-8"?>
<Project ToolsVersion="4.0" xmlns="http://schemas.microsoft.com/developer/msbuild/2003">
  <ItemGroup>
    <Filter Include="Source Files">
      <UniqueIdentifier>{4FC737F1-C7A5-4376-A066-2A32D752A2FF}</UniqueIdentifier>
      <Extensions>cpp;c;cc;cxx;def;odl;idl;hpj;bat;asm;asmx</Extensions>
    </Filter>
    <Filter Include="Source Files\Filters">
      <UniqueIdentifier>{aa1c2818-d1e3-4b18-9418-ff4b9078ec3a}</UniqueIdentifier>
    </Filter>
  </ItemGroup>
  <ItemGroup>
    <ClCompile Include="SuperPixel.cpp">
      <Filter>Source Files</Filter>
    </ClCompile>
    <ClCompile Include="UnitTest.cpp">
      <Filter>Source Files</Filter>
    </ClCompile>
    <ClCompile Include="ImagePool.cpp">
      <Filter>Source Files</Filter>
    </ClCompile>
    <ClCompile Include="ImageIter.ixx">
      <Filter>Source Files</Filter>
    </ClCompile>
    <ClCompile Include="IImage.ixx">
      <Filter>Source Files</Filter>
    </ClCompile>
    <ClCompile Include="Image.ixx">
      <Filter>Source Files</Filter>
    </ClCompile>
    <ClCompile Include="Image.cpp">
      <Filter>Source Files</Filter>
    </ClCompile>
    <ClCompile Include="IImage.cpp">
      <Filter>Source Files</Filter>
    </ClCompile>
    <ClCompile Include="ImageFilter.ixx">
      <Filter>Source Files</Filter>
    </ClCompile>
    <ClCompile Include="ImagePool.ixx">
      <Filter>Source Files</Filter>
    </ClCompile>
    <ClCompile Include="IImagePool.ixx">
      <Filter>Source Files</Filter>
    </ClCompile>
    <ClCompile Include="Colorize.ixx">
      <Filter>Source Files\Filters</Filter>
    </ClCompile>
    <ClCompile Include="BoxFilter.ixx">
      <Filter>Source Files\Filters</Filter>
    </ClCompile>
    <ClCompile Include="Convert.ixx">
      <Filter>Source Files\Filters</Filter>
    </ClCompile>
    <ClCompile Include="CustomFilter.ixx">
      <Filter>Source Files\Filters</Filter>
    </ClCompile>
    <ClCompile Include="DepthOfField.ixx">
      <Filter>Source Files\Filters</Filter>
    </ClCompile>
    <ClCompile Include="EqualizeFilter.ixx">
      <Filter>Source Files\Filters</Filter>
    </ClCompile>
    <ClCompile Include="FloodFill.ixx">
      <Filter>Source Files\Filters</Filter>
    </ClCompile>
    <ClCompile Include="GaussianBlur.ixx">
      <Filter>Source Files\Filters</Filter>
    </ClCompile>
    <ClCompile Include="HarrisCorners.ixx">
      <Filter>Source Files\Filters</Filter>
    </ClCompile>
    <ClCompile Include="MedianFilter.ixx">
      <Filter>Source Files\Filters</Filter>
    </ClCompile>
    <ClCompile Include="MosaicFilter.ixx">
      <Filter>Source Files\Filters</Filter>
    </ClCompile>
    <ClCompile Include="MotionBlurFilter.ixx">
      <Filter>Source Files\Filters</Filter>
    </ClCompile>
    <ClCompile Include="Quantize.ixx">
      <Filter>Source Files\Filters</Filter>
    </ClCompile>
    <ClCompile Include="Sharpen.ixx">
      <Filter>Source Files\Filters</Filter>
    </ClCompile>
    <ClCompile Include="Sobel.ixx">
      <Filter>Source Files\Filters</Filter>
    </ClCompile>
    <ClCompile Include="UnsharpMask.ixx">
      <Filter>Source Files\Filters</Filter>
    </ClCompile>
    <ClCompile Include="AllFilters.ixx">
      <Filter>Source Files\Filters</Filter>
    </ClCompile>
    <ClCompile Include="Scale.ixx">
      <Filter>Source Files\Filters</Filter>
    </ClCompile>
    <ClCompile Include="Scale.cpp">
      <Filter>Source Files\Filters</Filter>
    </ClCompile>
    <ClCompile Include="Rotate.ixx">
      <Filter>Source Files\Filters</Filter>
    </ClCompile>
    <ClCompile Include="Rotate.cpp">
      <Filter>Source Files\Filters</Filter>
    </ClCompile>
    <ClCompile Include="Transform.ixx">
      <Filter>Source Files\Filters</Filter>
    </ClCompile>
    <ClCompile Include="Transform.cpp">
      <Filter>Source Files\Filters</Filter>
    </ClCompile>
    <ClCompile Include="UnitTest.ixx">
      <Filter>Source Files</Filter>
    </ClCompile>
    <ClCompile Include="FaceLandmarks.ixx">
      <Filter>Source Files\Filters</Filter>
    </ClCompile>
    <ClCompile Include="FaceLandmarks.cpp">
      <Filter>Source Files\Filters</Filter>
    </ClCompile>
    <ClCompile Include="FaceDetector.ixx">
      <Filter>Source Files\Filters</Filter>
    </ClCompile>
    <ClCompile Include="FaceDetector.cpp">
      <Filter>Source Files\Filters</Filter>
    </ClCompile>
  </ItemGroup>
</Project>