<?xml version="1.0" encoding="utf-8"?>
<Project ToolsVersion="4.0" xmlns="http://schemas.microsoft.com/developer/msbuild/2003">
  <ItemGroup>
    <Filter Include="Source Files">
      <UniqueIdentifier>{4FC737F1-C7A5-4376-A066-2A32D752A2FF}</UniqueIdentifier>
      <Extensions>cpp;c;cc;cxx;def;odl;idl;hpj;bat;asm;asmx</Extensions>
    </Filter>
    <Filter Include="Source Files\Shaders">
      <UniqueIdentifier>{18894de1-d61c-43a4-9c99-af34fc4cc7c2}</UniqueIdentifier>
    </Filter>
    <Filter Include="Source Files\Interfaces">
      <UniqueIdentifier>{415652dd-7fcc-4ee7-89a5-381c7e85db2a}</UniqueIdentifier>
    </Filter>
    <Filter Include="Source Files\Shaders\Definitions">
      <UniqueIdentifier>{15cbc33f-da0a-4cbf-ab56-84dc503f014a}</UniqueIdentifier>
    </Filter>
  </ItemGroup>
  <ItemGroup>
    <ClInclude Include="Renderer.h">
      <Filter>Source Files</Filter>
    </ClInclude>
    <ClInclude Include="Camera.h">
      <Filter>Source Files</Filter>
    </ClInclude>
    <ClInclude Include="Shader.h">
      <Filter>Source Files</Filter>
    </ClInclude>
    <ClInclude Include="defs.h">
      <Filter>Source Files\Shaders</Filter>
    </ClInclude>
    <ClInclude Include="Texture.h">
      <Filter>Source Files</Filter>
    </ClInclude>
    <ClInclude Include="Sampler.h">
      <Filter>Source Files</Filter>
    </ClInclude>
    <ClInclude Include="Trackball.h">
      <Filter>Source Files</Filter>
    </ClInclude>
    <ClInclude Include="DefaultPS.h">
      <Filter>Source Files\Shaders</Filter>
    </ClInclude>
    <ClInclude Include="DefaultVS.h">
      <Filter>Source Files\Shaders</Filter>
    </ClInclude>
    <ClInclude Include="LinePS.h">
      <Filter>Source Files\Shaders</Filter>
    </ClInclude>
    <ClInclude Include="LineVS.h">
      <Filter>Source Files\Shaders</Filter>
    </ClInclude>
    <ClInclude Include="DefaultPS.tbl">
      <Filter>Source Files\Shaders</Filter>
    </ClInclude>
    <ClInclude Include="DefaultVS.tbl">
      <Filter>Source Files\Shaders</Filter>
    </ClInclude>
    <ClInclude Include="LinePS.tbl">
      <Filter>Source Files\Shaders</Filter>
    </ClInclude>
    <ClInclude Include="LineVS.tbl">
      <Filter>Source Files\Shaders</Filter>
    </ClInclude>
    <ClInclude Include="RendererMarshaller.h">
      <Filter>Source Files</Filter>
    </ClInclude>
    <ClInclude Include="VideoTexture.h">
      <Filter>Source Files</Filter>
    </ClInclude>
    <ClInclude Include="PointLight.h">
      <Filter>Source Files</Filter>
    </ClInclude>
    <ClInclude Include="RenderMaterial.h">
      <Filter>Source Files</Filter>
    </ClInclude>
    <ClInclude Include="stdafx.h">
      <Filter>Source Files</Filter>
    </ClInclude>
    <ClInclude Include="targetver.h">
      <Filter>Source Files</Filter>
    </ClInclude>
    <ClInclude Include="Caustic.h">
      <Filter>Source Files</Filter>
    </ClInclude>
    <ClInclude Include="CausticFactory.h">
      <Filter>Source Files</Filter>
    </ClInclude>
    <ClInclude Include="ICausticFactory.h">
      <Filter>Source Files\Interfaces</Filter>
    </ClInclude>
    <ClInclude Include="IRenderable.h">
      <Filter>Source Files\Interfaces</Filter>
    </ClInclude>
    <ClInclude Include="IRenderCtx.h">
      <Filter>Source Files\Interfaces</Filter>
    </ClInclude>
    <ClInclude Include="IRenderer.h">
      <Filter>Source Files\Interfaces</Filter>
    </ClInclude>
    <ClInclude Include="IRendererMarshaller.h">
      <Filter>Source Files\Interfaces</Filter>
    </ClInclude>
    <ClInclude Include="IRenderMaterial.h">
      <Filter>Source Files\Interfaces</Filter>
    </ClInclude>
    <ClInclude Include="ISampler.h">
      <Filter>Source Files\Interfaces</Filter>
    </ClInclude>
    <ClInclude Include="IShaderMgr.h">
      <Filter>Source Files\Interfaces</Filter>
    </ClInclude>
    <ClInclude Include="ITexture.h">
      <Filter>Source Files\Interfaces</Filter>
    </ClInclude>
    <ClInclude Include="ICamera.h">
      <Filter>Source Files\Interfaces</Filter>
    </ClInclude>
    <ClInclude Include="IGraphics.h">
      <Filter>Source Files\Interfaces</Filter>
    </ClInclude>
    <ClInclude Include="IPointLight.h">
      <Filter>Source Files\Interfaces</Filter>
    </ClInclude>
    <ClInclude Include="IShader.h">
      <Filter>Source Files\Interfaces</Filter>
    </ClInclude>
    <ClInclude Include="ITrackball.h">
      <Filter>Source Files\Interfaces</Filter>
    </ClInclude>
    <ClInclude Include="ShaderInfo.h">
      <Filter>Source Files</Filter>
    </ClInclude>
    <ClInclude Include="IShaderInfo.h">
      <Filter>Source Files\Interfaces</Filter>
    </ClInclude>
    <ClInclude Include="IRenderMesh.h">
      <Filter>Source Files\Interfaces</Filter>
    </ClInclude>
    <ClInclude Include="RenderMesh.h">
      <Filter>Source Files</Filter>
    </ClInclude>
    <ClInclude Include="Renderable.h">
      <Filter>Source Files</Filter>
    </ClInclude>
  </ItemGroup>
  <ItemGroup>
    <ClCompile Include="stdafx.cpp">
      <Filter>Source Files</Filter>
    </ClCompile>
    <ClCompile Include="Camera.cpp">
      <Filter>Source Files</Filter>
    </ClCompile>
    <ClCompile Include="Shader.cpp">
      <Filter>Source Files</Filter>
    </ClCompile>
    <ClCompile Include="Renderable.cpp">
      <Filter>Source Files</Filter>
    </ClCompile>
    <ClCompile Include="Texture.cpp">
      <Filter>Source Files</Filter>
    </ClCompile>
    <ClCompile Include="Sampler.cpp">
      <Filter>Source Files</Filter>
    </ClCompile>
    <ClCompile Include="Trackball.cpp">
      <Filter>Source Files</Filter>
    </ClCompile>
    <ClCompile Include="Renderer.cpp">
      <Filter>Source Files</Filter>
    </ClCompile>
    <ClCompile Include="RendererMarshaller.cpp">
      <Filter>Source Files</Filter>
    </ClCompile>
    <ClCompile Include="VideoTexture.cpp">
      <Filter>Source Files</Filter>
    </ClCompile>
    <ClCompile Include="PointLight.cpp">
      <Filter>Source Files</Filter>
    </ClCompile>
    <ClCompile Include="RenderMaterial.cpp">
      <Filter>Source Files</Filter>
    </ClCompile>
    <ClCompile Include="CausticFactory.cpp">
      <Filter>Source Files</Filter>
    </ClCompile>
    <ClCompile Include="ShaderInfo.cpp">
      <Filter>Source Files</Filter>
    </ClCompile>
    <ClCompile Include="RenderMesh.cpp">
      <Filter>Source Files</Filter>
    </ClCompile>
  </ItemGroup>
  <ItemGroup>
    <CustomBuild Include="DrawNormal.ps">
      <Filter>Source Files\Shaders</Filter>
    </CustomBuild>
    <CustomBuild Include="InfinitePlane.ps">
      <Filter>Source Files\Shaders</Filter>
    </CustomBuild>
    <CustomBuild Include="FullQuad.ps">
      <Filter>Source Files\Shaders</Filter>
    </CustomBuild>
    <CustomBuild Include="FullQuad.vs">
      <Filter>Source Files\Shaders</Filter>
    </CustomBuild>
    <CustomBuild Include="InfinitePlane.vs">
      <Filter>Source Files\Shaders</Filter>
    </CustomBuild>
    <CustomBuild Include="ShadowMap.ps">
      <Filter>Source Files\Shaders</Filter>
    </CustomBuild>
    <CustomBuild Include="ShadowMap.vs">
      <Filter>Source Files\Shaders</Filter>
    </CustomBuild>
    <CustomBuild Include="ObjID.ps">
      <Filter>Source Files\Shaders</Filter>
    </CustomBuild>
    <CustomBuild Include="Textured.xml">
      <Filter>Source Files\Shaders\Definitions</Filter>
    </CustomBuild>
    <CustomBuild Include="ColorNormal.xml">
      <Filter>Source Files\Shaders\Definitions</Filter>
    </CustomBuild>
    <CustomBuild Include="ColorUVs.xml">
      <Filter>Source Files\Shaders\Definitions</Filter>
    </CustomBuild>
    <CustomBuild Include="Default.xml">
      <Filter>Source Files\Shaders\Definitions</Filter>
    </CustomBuild>
    <CustomBuild Include="DrawNormal.xml">
      <Filter>Source Files\Shaders\Definitions</Filter>
    </CustomBuild>
    <CustomBuild Include="FullQuad.xml">
      <Filter>Source Files\Shaders\Definitions</Filter>
    </CustomBuild>
    <CustomBuild Include="InfinitePlane.xml">
      <Filter>Source Files\Shaders\Definitions</Filter>
    </CustomBuild>
    <CustomBuild Include="Line.xml">
      <Filter>Source Files\Shaders\Definitions</Filter>
    </CustomBuild>
    <CustomBuild Include="Normal.xml">
      <Filter>Source Files\Shaders\Definitions</Filter>
    </CustomBuild>
    <CustomBuild Include="ObjID.xml">
      <Filter>Source Files\Shaders\Definitions</Filter>
    </CustomBuild>
    <CustomBuild Include="ShadowMap.xml">
      <Filter>Source Files\Shaders\Definitions</Filter>
    </CustomBuild>
  </ItemGroup>
</Project>