<?xml version="1.0" encoding="utf-8"?>
<Project ToolsVersion="4.0" xmlns="http://schemas.microsoft.com/developer/msbuild/2003">
  <ItemGroup>
    <Filter Include="Source Files">
      <UniqueIdentifier>{4FC737F1-C7A5-4376-A066-2A32D752A2FF}</UniqueIdentifier>
      <Extensions>cpp;c;cc;cxx;def;odl;idl;hpj;bat;asm;asmx</Extensions>
    </Filter>
    <Filter Include="Source Files\Shaders">
      <UniqueIdentifier>{18894de1-d61c-43a4-9c99-af34fc4cc7c2}</UniqueIdentifier>
    </Filter>
    <Filter Include="Source Files\Interfaces">
      <UniqueIdentifier>{415652dd-7fcc-4ee7-89a5-381c7e85db2a}</UniqueIdentifier>
    </Filter>
    <Filter Include="Source Files\Shaders\Definitions">
      <UniqueIdentifier>{15cbc33f-da0a-4cbf-ab56-84dc503f014a}</UniqueIdentifier>
    </Filter>
  </ItemGroup>
  <ItemGroup>
    <ClInclude Include="Camera.h">
      <Filter>Source Files</Filter>
    </ClInclude>
    <ClInclude Include="Shader.h">
      <Filter>Source Files</Filter>
    </ClInclude>
    <ClInclude Include="RendererMarshaller.h">
      <Filter>Source Files</Filter>
    </ClInclude>
    <ClInclude Include="RenderMaterial.h">
      <Filter>Source Files</Filter>
    </ClInclude>
    <ClInclude Include="Caustic.h">
      <Filter>Source Files</Filter>
    </ClInclude>
    <ClInclude Include="CausticFactory.h">
      <Filter>Source Files</Filter>
    </ClInclude>
    <ClInclude Include="ShaderInfo.h">
      <Filter>Source Files</Filter>
    </ClInclude>
    <ClInclude Include="RenderMesh.h">
      <Filter>Source Files</Filter>
    </ClInclude>
    <ClInclude Include="ConstructBuffers.h">
      <Filter>Source Files</Filter>
    </ClInclude>
    <ClInclude Include="ICausticFactory.h">
      <Filter>Source Files\Interfaces</Filter>
    </ClInclude>
    <ClInclude Include="IPointLight.h">
      <Filter>Source Files\Interfaces</Filter>
    </ClInclude>
    <ClInclude Include="IRenderable.h">
      <Filter>Source Files\Interfaces</Filter>
    </ClInclude>
    <ClInclude Include="IRendererMarshaller.h">
      <Filter>Source Files\Interfaces</Filter>
    </ClInclude>
    <ClInclude Include="IRenderMaterial.h">
      <Filter>Source Files\Interfaces</Filter>
    </ClInclude>
    <ClInclude Include="IRenderMesh.h">
      <Filter>Source Files\Interfaces</Filter>
    </ClInclude>
    <ClInclude Include="ISampler.h">
      <Filter>Source Files\Interfaces</Filter>
    </ClInclude>
    <ClInclude Include="IShader.h">
      <Filter>Source Files\Interfaces</Filter>
    </ClInclude>
    <ClInclude Include="IShaderInfo.h">
      <Filter>Source Files\Interfaces</Filter>
    </ClInclude>
    <ClInclude Include="IShaderMgr.h">
      <Filter>Source Files\Interfaces</Filter>
    </ClInclude>
    <ClInclude Include="ITexture.h">
      <Filter>Source Files\Interfaces</Filter>
    </ClInclude>
    <ClInclude Include="IDirectionalLight.h">
      <Filter>Source Files\Interfaces</Filter>
    </ClInclude>
    <ClInclude Include="ILight.h">
      <Filter>Source Files\Interfaces</Filter>
    </ClInclude>
    <ClInclude Include="ISpotLight.h">
      <Filter>Source Files\Interfaces</Filter>
    </ClInclude>
    <ClInclude Include="defs.h">
      <Filter>Source Files\Shaders</Filter>
    </ClInclude>
    <ClInclude Include="IPointCloud.h">
      <Filter>Source Files\Interfaces</Filter>
    </ClInclude>
    <ClInclude Include="DesktopTexture.h">
      <Filter>Source Files</Filter>
    </ClInclude>
  </ItemGroup>
  <ItemGroup>
    <ClCompile Include="Camera.cpp">
      <Filter>Source Files</Filter>
    </ClCompile>
    <ClCompile Include="Shader.cpp">
      <Filter>Source Files</Filter>
    </ClCompile>
    <ClCompile Include="Renderable.cpp">
      <Filter>Source Files</Filter>
    </ClCompile>
    <ClCompile Include="Texture.cpp">
      <Filter>Source Files</Filter>
    </ClCompile>
    <ClCompile Include="Sampler.cpp">
      <Filter>Source Files</Filter>
    </ClCompile>
    <ClCompile Include="Trackball.cpp">
      <Filter>Source Files</Filter>
    </ClCompile>
    <ClCompile Include="Renderer.cpp">
      <Filter>Source Files</Filter>
    </ClCompile>
    <ClCompile Include="RendererMarshaller.cpp">
      <Filter>Source Files</Filter>
    </ClCompile>
    <ClCompile Include="VideoTexture.cpp">
      <Filter>Source Files</Filter>
    </ClCompile>
    <ClCompile Include="PointLight.cpp">
      <Filter>Source Files</Filter>
    </ClCompile>
    <ClCompile Include="RenderMaterial.cpp">
      <Filter>Source Files</Filter>
    </ClCompile>
    <ClCompile Include="CausticFactory.cpp">
      <Filter>Source Files</Filter>
    </ClCompile>
    <ClCompile Include="ShaderInfo.cpp">
      <Filter>Source Files</Filter>
    </ClCompile>
    <ClCompile Include="RenderMesh.cpp">
      <Filter>Source Files</Filter>
    </ClCompile>
    <ClCompile Include="ConstructBuffers.cpp">
      <Filter>Source Files</Filter>
    </ClCompile>
    <ClCompile Include="DirectionalLight.cpp">
      <Filter>Source Files</Filter>
    </ClCompile>
    <ClCompile Include="SpotLight.cpp">
      <Filter>Source Files</Filter>
    </ClCompile>
    <ClCompile Include="PointCloud.cpp">
      <Filter>Source Files</Filter>
    </ClCompile>
    <ClCompile Include="BuildRenderMesh.cpp">
      <Filter>Source Files</Filter>
    </ClCompile>
    <ClCompile Include="DesktopTexture.cpp">
      <Filter>Source Files</Filter>
    </ClCompile>
    <ClCompile Include="IBuffer.ixx">
      <Filter>Source Files\Interfaces</Filter>
    </ClCompile>
    <ClCompile Include="Trackball.ixx">
      <Filter>Source Files</Filter>
    </ClCompile>
    <ClCompile Include="ITrackball.ixx">
      <Filter>Source Files\Interfaces</Filter>
    </ClCompile>
    <ClCompile Include="ITrackball.cpp">
      <Filter>Source Files</Filter>
    </ClCompile>
    <ClCompile Include="VideoTexture.ixx">
      <Filter>Source Files</Filter>
    </ClCompile>
    <ClCompile Include="IRenderer.ixx">
      <Filter>Source Files\Interfaces</Filter>
    </ClCompile>
    <ClCompile Include="ICamera.ixx">
      <Filter>Source Files\Interfaces</Filter>
    </ClCompile>
    <ClCompile Include="IRenderCtx.ixx">
      <Filter>Source Files\Interfaces</Filter>
    </ClCompile>
    <ClCompile Include="Renderer.ixx">
      <Filter>Source Files</Filter>
    </ClCompile>
    <ClCompile Include="Sampler.ixx">
      <Filter>Source Files</Filter>
    </ClCompile>
    <ClCompile Include="Texture.ixx">
      <Filter>Source Files</Filter>
    </ClCompile>
    <ClCompile Include="DirectionalLight.ixx">
      <Filter>Source Files</Filter>
    </ClCompile>
    <ClCompile Include="Light.ixx">
      <Filter>Source Files</Filter>
    </ClCompile>
    <ClCompile Include="PointLight.ixx">
      <Filter>Source Files</Filter>
    </ClCompile>
    <ClCompile Include="SpotLight.ixx">
      <Filter>Source Files</Filter>
    </ClCompile>
    <ClCompile Include="PathTrace.ixx">
      <Filter>Source Files</Filter>
    </ClCompile>
    <ClCompile Include="PointCloud.ixx">
      <Filter>Source Files</Filter>
    </ClCompile>
    <ClCompile Include="Renderable.ixx">
      <Filter>Source Files</Filter>
    </ClCompile>
  </ItemGroup>
  <ItemGroup>
    <CustomBuild Include="Brighten.xml">
      <Filter>Source Files\Shaders\Definitions</Filter>
    </CustomBuild>
    <CustomBuild Include="ColorNormal.xml">
      <Filter>Source Files\Shaders\Definitions</Filter>
    </CustomBuild>
    <CustomBuild Include="ColorUVs.xml">
      <Filter>Source Files\Shaders\Definitions</Filter>
    </CustomBuild>
    <CustomBuild Include="Default.xml">
      <Filter>Source Files\Shaders\Definitions</Filter>
    </CustomBuild>
    <CustomBuild Include="Depth2Points.xml">
      <Filter>Source Files\Shaders\Definitions</Filter>
    </CustomBuild>
    <CustomBuild Include="DrawNormal.xml">
      <Filter>Source Files\Shaders\Definitions</Filter>
    </CustomBuild>
    <CustomBuild Include="FullQuad.xml">
      <Filter>Source Files\Shaders\Definitions</Filter>
    </CustomBuild>
    <CustomBuild Include="InfinitePlane.xml">
      <Filter>Source Files\Shaders\Definitions</Filter>
    </CustomBuild>
    <CustomBuild Include="Line.xml">
      <Filter>Source Files\Shaders\Definitions</Filter>
    </CustomBuild>
    <CustomBuild Include="Normal.xml">
      <Filter>Source Files\Shaders\Definitions</Filter>
    </CustomBuild>
    <CustomBuild Include="ObjID.xml">
      <Filter>Source Files\Shaders\Definitions</Filter>
    </CustomBuild>
    <CustomBuild Include="PointCloud.xml">
      <Filter>Source Files\Shaders\Definitions</Filter>
    </CustomBuild>
    <CustomBuild Include="ShadowMap.xml">
      <Filter>Source Files\Shaders\Definitions</Filter>
    </CustomBuild>
    <CustomBuild Include="Textured.xml">
      <Filter>Source Files\Shaders\Definitions</Filter>
    </CustomBuild>
    <CustomBuild Include="TexturedWithShadow.xml">
      <Filter>Source Files\Shaders\Definitions</Filter>
    </CustomBuild>
    <CustomBuild Include="ScreenQuad.xml">
      <Filter>Source Files\Shaders\Definitions</Filter>
    </CustomBuild>
    <CustomBuild Include="Obj.xml">
      <Filter>Source Files\Shaders\Definitions</Filter>
    </CustomBuild>
    <CustomBuild Include="ObjShader.xml">
      <Filter>Source Files\Shaders\Definitions</Filter>
    </CustomBuild>
  </ItemGroup>
  <ItemGroup>
    <None Include="Brighten.cs">
      <Filter>Source Files\Shaders</Filter>
    </None>
    <None Include="ColorNormal.ps">
      <Filter>Source Files\Shaders</Filter>
    </None>
    <None Include="ColorUVs.ps">
      <Filter>Source Files\Shaders</Filter>
    </None>
    <None Include="Default.ps">
      <Filter>Source Files\Shaders</Filter>
    </None>
    <None Include="Default.vs">
      <Filter>Source Files\Shaders</Filter>
    </None>
    <None Include="Depth2Points.cs">
      <Filter>Source Files\Shaders</Filter>
    </None>
    <None Include="DrawNormal.vs">
      <Filter>Source Files\Shaders</Filter>
    </None>
    <None Include="Line.ps">
      <Filter>Source Files\Shaders</Filter>
    </None>
    <None Include="Line.vs">
      <Filter>Source Files\Shaders</Filter>
    </None>
    <None Include="Normal.ps">
      <Filter>Source Files\Shaders</Filter>
    </None>
    <None Include="PointCloud.ps">
      <Filter>Source Files\Shaders</Filter>
    </None>
    <None Include="PointCloud.vs">
      <Filter>Source Files\Shaders</Filter>
    </None>
    <None Include="Textured.ps">
      <Filter>Source Files\Shaders</Filter>
    </None>
    <None Include="ShadowMap.ps">
      <Filter>Source Files\Shaders</Filter>
    </None>
    <None Include="ShadowMap.vs">
      <Filter>Source Files\Shaders</Filter>
    </None>
    <None Include="TexturedWithShadow.ps">
      <Filter>Source Files\Shaders</Filter>
    </None>
    <None Include="TexturedWithShadow.vs">
      <Filter>Source Files\Shaders</Filter>
    </None>
    <None Include="ScreenQuad.ps">
      <Filter>Source Files\Shaders</Filter>
    </None>
    <None Include="ScreenQuad.vs">
      <Filter>Source Files\Shaders</Filter>
    </None>
    <None Include="Obj.ps">
      <Filter>Source Files\Shaders</Filter>
    </None>
    <None Include="Obj.vs">
      <Filter>Source Files\Shaders</Filter>
    </None>
    <None Include="ObjShader.ps">
      <Filter>Source Files\Shaders</Filter>
    </None>
  </ItemGroup>
</Project>