<?xml version="1.0" encoding="utf-8"?>
<Project ToolsVersion="4.0" xmlns="http://schemas.microsoft.com/developer/msbuild/2003">
  <ItemGroup>
    <Filter Include="Source Files">
      <UniqueIdentifier>{4FC737F1-C7A5-4376-A066-2A32D752A2FF}</UniqueIdentifier>
      <Extensions>cpp;c;cc;cxx;def;odl;idl;hpj;bat;asm;asmx</Extensions>
    </Filter>
  </ItemGroup>
  <ItemGroup>
    <ClInclude Include="UnitTests.ixx">
      <Filter>Source Files</Filter>
    </ClInclude>
  </ItemGroup>
  <ItemGroup>
    <ClCompile Include="Core.ixx">
      <Filter>Source Files</Filter>
    </ClCompile>
    <ClCompile Include="IRefCount.ixx">
      <Filter>Source Files</Filter>
    </ClCompile>
    <ClCompile Include="ISerialize.ixx">
      <Filter>Source Files</Filter>
    </ClCompile>
    <ClCompile Include="BlockAllocator.ixx">
      <Filter>Source Files</Filter>
    </ClCompile>
    <ClCompile Include="Error.ixx">
      <Filter>Source Files</Filter>
    </ClCompile>
    <ClCompile Include="RefCount.ixx">
      <Filter>Source Files</Filter>
    </ClCompile>
    <ClCompile Include="Event.ixx">
      <Filter>Source Files</Filter>
    </ClCompile>
    <ClCompile Include="CritSec.ixx">
      <Filter>Source Files</Filter>
    </ClCompile>
    <ClCompile Include="Property.ixx">
      <Filter>Source Files</Filter>
    </ClCompile>
    <ClCompile Include="Timer.ixx">
      <Filter>Source Files</Filter>
    </ClCompile>
    <ClCompile Include="Core.cppm">
      <Filter>Source Files</Filter>
    </ClCompile>
    <ClCompile Include="convertStr.ixx">
      <Filter>Source Files</Filter>
    </ClCompile>
  </ItemGroup>
</Project>