<?xml version="1.0" encoding="utf-8"?>
<Project ToolsVersion="4.0" xmlns="http://schemas.microsoft.com/developer/msbuild/2003">
  <ItemGroup>
    <Filter Include="Source Files">
      <UniqueIdentifier>{4FC737F1-C7A5-4376-A066-2A32D752A2FF}</UniqueIdentifier>
      <Extensions>cpp;c;cc;cxx;def;odl;idl;hpj;bat;asm;asmx</Extensions>
    </Filter>
  </ItemGroup>
  <ItemGroup>
    <ClInclude Include="Core.h">
      <Filter>Source Files</Filter>
    </ClInclude>
    <ClInclude Include="CritSec.h">
      <Filter>Source Files</Filter>
    </ClInclude>
    <ClInclude Include="error.h">
      <Filter>Source Files</Filter>
    </ClInclude>
    <ClInclude Include="Event.h">
      <Filter>Source Files</Filter>
    </ClInclude>
    <ClInclude Include="RefCount.h">
      <Filter>Source Files</Filter>
    </ClInclude>
    <ClInclude Include="UnitTests.h">
      <Filter>Source Files</Filter>
    </ClInclude>
    <ClInclude Include="IRefCount.h">
      <Filter>Source Files</Filter>
    </ClInclude>
    <ClInclude Include="ISerialize.h">
      <Filter>Source Files</Filter>
    </ClInclude>
    <ClInclude Include="BlockAllocator.h">
      <Filter>Source Files</Filter>
    </ClInclude>
    <ClInclude Include="convertStr.h">
      <Filter>Source Files</Filter>
    </ClInclude>
    <ClInclude Include="Property.h">
      <Filter>Source Files</Filter>
    </ClInclude>
  </ItemGroup>
  <ItemGroup>
    <ClCompile Include="convertStr.cpp">
      <Filter>Source Files</Filter>
    </ClCompile>
    <ClCompile Include="Core.cpp">
      <Filter>Source Files</Filter>
    </ClCompile>
  </ItemGroup>
</Project>