<?xml version="1.0" encoding="utf-8"?>
<Project ToolsVersion="4.0" xmlns="http://schemas.microsoft.com/developer/msbuild/2003">
  <ItemGroup>
    <Filter Include="Source Files">
      <UniqueIdentifier>{4FC737F1-C7A5-4376-A066-2A32D752A2FF}</UniqueIdentifier>
      <Extensions>cpp;c;cc;cxx;def;odl;idl;hpj;bat;asm;asmx</Extensions>
    </Filter>
    <Filter Include="Source Files\Shaders">
      <UniqueIdentifier>{c3527037-07f7-4d25-bd4c-a5846029b988}</UniqueIdentifier>
    </Filter>
  </ItemGroup>
  <ItemGroup>
    <ClInclude Include="GPUPipelineImpl.h">
      <Filter>Source Files</Filter>
    </ClInclude>
    <ClInclude Include="GPUPipeline.h">
      <Filter>Source Files</Filter>
    </ClInclude>
    <ClInclude Include="defs.h">
      <Filter>Source Files\Shaders</Filter>
    </ClInclude>
    <ClInclude Include="stdafx.h">
      <Filter>Source Files</Filter>
    </ClInclude>
    <ClInclude Include="targetver.h">
      <Filter>Source Files</Filter>
    </ClInclude>
  </ItemGroup>
  <ItemGroup>
    <ClCompile Include="stdafx.cpp">
      <Filter>Source Files</Filter>
    </ClCompile>
    <ClCompile Include="GPUPipeline.cpp">
      <Filter>Source Files</Filter>
    </ClCompile>
  </ItemGroup>
  <ItemGroup>
    <CustomBuild Include="RawCopy.xml">
      <Filter>Source Files\Shaders</Filter>
    </CustomBuild>
    <CustomBuild Include="Gaussian.xml">
      <Filter>Source Files\Shaders</Filter>
    </CustomBuild>
    <CustomBuild Include="DepthSel.xml">
      <Filter>Source Files\Shaders</Filter>
    </CustomBuild>
    <CustomBuild Include="DepthMesh.xml">
      <Filter>Source Files\Shaders</Filter>
    </CustomBuild>
    <CustomBuild Include="DepthSel2.xml">
      <Filter>Source Files\Shaders</Filter>
    </CustomBuild>
    <CustomBuild Include="Bokeh.xml">
      <Filter>Source Files\Shaders</Filter>
    </CustomBuild>
    <CustomBuild Include="MedianDepth.xml">
      <Filter>Source Files\Shaders</Filter>
    </CustomBuild>
    <CustomBuild Include="NormDepth.xml">
      <Filter>Source Files\Shaders</Filter>
    </CustomBuild>
    <CustomBuild Include="FillHoles.xml">
      <Filter>Source Files\Shaders</Filter>
    </CustomBuild>
  </ItemGroup>
  <ItemGroup>
    <None Include="Gaussian.ps">
      <Filter>Source Files\Shaders</Filter>
    </None>
    <None Include="Quad.vs">
      <Filter>Source Files\Shaders</Filter>
    </None>
    <None Include="RawCopy.ps">
      <Filter>Source Files\Shaders</Filter>
    </None>
    <None Include="DepthSel.ps">
      <Filter>Source Files\Shaders</Filter>
    </None>
    <None Include="DepthMesh.ps">
      <Filter>Source Files\Shaders</Filter>
    </None>
    <None Include="DepthMesh.vs">
      <Filter>Source Files\Shaders</Filter>
    </None>
    <None Include="DepthSel2.ps">
      <Filter>Source Files\Shaders</Filter>
    </None>
    <None Include="Bokeh.ps">
      <Filter>Source Files\Shaders</Filter>
    </None>
    <None Include="MedianDepth.ps">
      <Filter>Source Files\Shaders</Filter>
    </None>
    <None Include="NormDepth.ps">
      <Filter>Source Files\Shaders</Filter>
    </None>
    <None Include="FillHoles.ps">
      <Filter>Source Files\Shaders</Filter>
    </None>
  </ItemGroup>
</Project>