<?xml version="1.0" encoding="utf-8"?>
<Project ToolsVersion="4.0" xmlns="http://schemas.microsoft.com/developer/msbuild/2003">
  <ItemGroup>
    <Filter Include="Source Files">
      <UniqueIdentifier>{4FC737F1-C7A5-4376-A066-2A32D752A2FF}</UniqueIdentifier>
      <Extensions>cpp;c;cc;cxx;def;odl;idl;hpj;bat;asm;asmx</Extensions>
    </Filter>
    <Filter Include="Resource Files">
      <UniqueIdentifier>{67DA6AB6-F800-4c08-8B7A-83BB121AAD01}</UniqueIdentifier>
      <Extensions>rc;ico;cur;bmp;dlg;rc2;rct;bin;rgs;gif;jpg;jpeg;jpe;resx;tiff;tif;png;wav;mfcribbon-ms</Extensions>
    </Filter>
  </ItemGroup>
  <ItemGroup>
    <ClCompile Include="RenderGraph.cpp">
      <Filter>Source Files</Filter>
    </ClCompile>
    <ClCompile Include="RenderGraphPin.cpp">
      <Filter>Source Files</Filter>
    </ClCompile>
    <ClCompile Include="RenderGraphNode.cpp">
      <Filter>Source Files</Filter>
    </ClCompile>
    <ClCompile Include="RGNMesh.cpp">
      <Filter>Source Files</Filter>
    </ClCompile>
    <ClCompile Include="RGNCompute.cpp">
      <Filter>Source Files</Filter>
    </ClCompile>
    <ClCompile Include="RenderGraphFactory.cpp">
      <Filter>Source Files</Filter>
    </ClCompile>
    <ClCompile Include="RGNGroup.cpp">
      <Filter>Source Files</Filter>
    </ClCompile>
    <ClCompile Include="RGNDepthCameraSource.cpp">
      <Filter>Source Files</Filter>
    </ClCompile>
    <ClCompile Include="RGNImageToTexture.cpp">
      <Filter>Source Files</Filter>
    </ClCompile>
    <ClCompile Include="RGNPhongMaterial.cpp">
      <Filter>Source Files</Filter>
    </ClCompile>
    <ClCompile Include="IRenderGraph.ixx">
      <Filter>Source Files</Filter>
    </ClCompile>
    <ClCompile Include="IRenderGraphNode.ixx">
      <Filter>Source Files</Filter>
    </ClCompile>
    <ClCompile Include="IRenderGraphPin.ixx">
      <Filter>Source Files</Filter>
    </ClCompile>
    <ClCompile Include="RenderGraph.ixx">
      <Filter>Source Files</Filter>
    </ClCompile>
    <ClCompile Include="RenderGraphFactory.ixx">
      <Filter>Source Files</Filter>
    </ClCompile>
    <ClCompile Include="IRenderGraphFactory.ixx" />
    <ClCompile Include="IRenderGraphPointLightNode.ixx" />
    <ClCompile Include="IRGNDepthCameraSource.ixx" />
    <ClCompile Include="IRGNGroup.ixx" />
    <ClCompile Include="IRGNImageToTexture.ixx" />
    <ClCompile Include="IRGNLightCollection.ixx" />
    <ClCompile Include="IRGNCompute.ixx" />
    <ClCompile Include="IRGNMaterial.ixx" />
    <ClCompile Include="IRGNMesh.ixx" />
    <ClCompile Include="IRGNPhongMaterial.ixx" />
    <ClCompile Include="LightCollection.ixx" />
    <ClCompile Include="RenderGraphDiagnostics.ixx" />
    <ClCompile Include="RenderGraphLightCollectionNode.ixx" />
    <ClCompile Include="RenderGraphNode.ixx" />
    <ClCompile Include="RenderGraphPin.ixx" />
    <ClCompile Include="RenderGraphPointLightNode.ixx" />
    <ClCompile Include="RGNCompute.ixx" />
    <ClCompile Include="RGNDepthCameraSource.ixx" />
    <ClCompile Include="RGNGroup.ixx" />
    <ClCompile Include="RGNImageToTexture.ixx" />
    <ClCompile Include="RGNLightCollection.ixx" />
    <ClCompile Include="RGNMaterial.ixx" />
    <ClCompile Include="RGNMesh.ixx" />
    <ClCompile Include="RGNPhongMaterial.ixx" />
    <ClCompile Include="ILightCollection.ixx">
      <Filter>Source Files</Filter>
    </ClCompile>
    <ClCompile Include="IRenderGraphFactory.cpp">
      <Filter>Source Files</Filter>
    </ClCompile>
  </ItemGroup>
</Project>