<?xml version="1.0" encoding="utf-8"?>
<Project ToolsVersion="4.0" xmlns="http://schemas.microsoft.com/developer/msbuild/2003">
  <ItemGroup>
    <Filter Include="Source Files">
      <UniqueIdentifier>{4FC737F1-C7A5-4376-A066-2A32D752A2FF}</UniqueIdentifier>
      <Extensions>cpp;c;cc;cxx;def;odl;idl;hpj;bat;asm;asmx</Extensions>
    </Filter>
    <Filter Include="Resource Files">
      <UniqueIdentifier>{67DA6AB6-F800-4c08-8B7A-83BB121AAD01}</UniqueIdentifier>
      <Extensions>rc;ico;cur;bmp;dlg;rc2;rct;bin;rgs;gif;jpg;jpeg;jpe;resx;tiff;tif;png;wav;mfcribbon-ms</Extensions>
    </Filter>
  </ItemGroup>
  <ItemGroup>
    <ClCompile Include="RenderGraph.cpp">
      <Filter>Source Files</Filter>
    </ClCompile>
    <ClCompile Include="RenderGraphPin.cpp">
      <Filter>Source Files</Filter>
    </ClCompile>
    <ClCompile Include="RenderGraphNode.cpp">
      <Filter>Source Files</Filter>
    </ClCompile>
    <ClCompile Include="RGNMesh.cpp">
      <Filter>Source Files</Filter>
    </ClCompile>
    <ClCompile Include="RGNCompute.cpp">
      <Filter>Source Files</Filter>
    </ClCompile>
    <ClCompile Include="RenderGraphFactory.cpp">
      <Filter>Source Files</Filter>
    </ClCompile>
    <ClCompile Include="RGNGroup.cpp">
      <Filter>Source Files</Filter>
    </ClCompile>
    <ClCompile Include="RGNDepthCameraSource.cpp">
      <Filter>Source Files</Filter>
    </ClCompile>
    <ClCompile Include="RGNImageToTexture.cpp">
      <Filter>Source Files</Filter>
    </ClCompile>
    <ClCompile Include="RGNPhongMaterial.cpp">
      <Filter>Source Files</Filter>
    </ClCompile>
  </ItemGroup>
  <ItemGroup>
    <ClInclude Include="IRenderGraph.h">
      <Filter>Source Files</Filter>
    </ClInclude>
    <ClInclude Include="IRenderGraphPin.h">
      <Filter>Source Files</Filter>
    </ClInclude>
    <ClInclude Include="RenderGraph.h">
      <Filter>Source Files</Filter>
    </ClInclude>
    <ClInclude Include="IRenderGraphNode.h">
      <Filter>Source Files</Filter>
    </ClInclude>
    <ClInclude Include="RenderGraphPin.h">
      <Filter>Source Files</Filter>
    </ClInclude>
    <ClInclude Include="RenderGraphDiagnostics.h">
      <Filter>Source Files</Filter>
    </ClInclude>
    <ClInclude Include="RenderGraphNode.h">
      <Filter>Source Files</Filter>
    </ClInclude>
    <ClInclude Include="IRenderGraphPointLightNode.h">
      <Filter>Source Files</Filter>
    </ClInclude>
    <ClInclude Include="RenderGraphPointLightNode.h">
      <Filter>Source Files</Filter>
    </ClInclude>
    <ClInclude Include="RenderGraphLightCollectionNode.h">
      <Filter>Source Files</Filter>
    </ClInclude>
    <ClInclude Include="LightCollection.h">
      <Filter>Source Files</Filter>
    </ClInclude>
    <ClInclude Include="ILightCollection.h">
      <Filter>Source Files</Filter>
    </ClInclude>
    <ClInclude Include="IRGNMesh.h">
      <Filter>Source Files</Filter>
    </ClInclude>
    <ClInclude Include="RGNMesh.h">
      <Filter>Source Files</Filter>
    </ClInclude>
    <ClInclude Include="RGNCompute.h">
      <Filter>Source Files</Filter>
    </ClInclude>
    <ClInclude Include="IRGNCompute.h">
      <Filter>Source Files</Filter>
    </ClInclude>
    <ClInclude Include="RenderGraphFactory.h">
      <Filter>Source Files</Filter>
    </ClInclude>
    <ClInclude Include="IRenderGraphFactory.h">
      <Filter>Source Files</Filter>
    </ClInclude>
    <ClInclude Include="RGNLightCollection.h">
      <Filter>Source Files</Filter>
    </ClInclude>
    <ClInclude Include="IRGNLightCollection.h">
      <Filter>Source Files</Filter>
    </ClInclude>
    <ClInclude Include="RGNGroup.h">
      <Filter>Source Files</Filter>
    </ClInclude>
    <ClInclude Include="IRGNGroup.h">
      <Filter>Source Files</Filter>
    </ClInclude>
    <ClInclude Include="IRGNMaterial.h">
      <Filter>Source Files</Filter>
    </ClInclude>
    <ClInclude Include="RGNMaterial.h">
      <Filter>Source Files</Filter>
    </ClInclude>
    <ClInclude Include="RGNDepthCameraSource.h">
      <Filter>Source Files</Filter>
    </ClInclude>
    <ClInclude Include="IRGNDepthCameraSource.h">
      <Filter>Source Files</Filter>
    </ClInclude>
    <ClInclude Include="IRGNImageToTexture.h" />
    <ClInclude Include="RGNImageToTexture.h">
      <Filter>Source Files</Filter>
    </ClInclude>
    <ClInclude Include="RGNPhongMaterial.h">
      <Filter>Source Files</Filter>
    </ClInclude>
    <ClInclude Include="IRGNPhongMaterial.h">
      <Filter>Source Files</Filter>
    </ClInclude>
  </ItemGroup>
</Project>