<?xml version="1.0" encoding="utf-8"?>
<Project ToolsVersion="4.0" xmlns="http://schemas.microsoft.com/developer/msbuild/2003">
  <ItemGroup>
    <Filter Include="Source Files">
      <UniqueIdentifier>{4FC737F1-C7A5-4376-A066-2A32D752A2FF}</UniqueIdentifier>
      <Extensions>cpp;c;cc;cxx;def;odl;idl;hpj;bat;asm;asmx</Extensions>
    </Filter>
    <Filter Include="Source Files\Shaders">
      <UniqueIdentifier>{9e52d0b6-6d44-49cc-acda-839dd6cc06c4}</UniqueIdentifier>
    </Filter>
    <Filter Include="Source Files\Shaders\Definitions">
      <UniqueIdentifier>{21c49b89-a9bf-43b0-af37-fb0a7eaaac42}</UniqueIdentifier>
    </Filter>
    <Filter Include="Source Files\Interfaces">
      <UniqueIdentifier>{838cf5bd-f0d4-407f-8fb0-ef4fdcb87175}</UniqueIdentifier>
    </Filter>
  </ItemGroup>
  <ItemGroup>
    <ClInclude Include="ISceneFactory.h">
      <Filter>Source Files</Filter>
    </ClInclude>
  </ItemGroup>
  <ItemGroup>
    <ClCompile Include="SceneGraph.cpp">
      <Filter>Source Files</Filter>
    </ClCompile>
    <ClCompile Include="GroupElem.cpp">
      <Filter>Source Files</Filter>
    </ClCompile>
    <ClCompile Include="MeshElem.cpp">
      <Filter>Source Files</Filter>
    </ClCompile>
    <ClCompile Include="MaterialElem.cpp">
      <Filter>Source Files</Filter>
    </ClCompile>
    <ClCompile Include="SceneFactory.cpp">
      <Filter>Source Files</Filter>
    </ClCompile>
    <ClCompile Include="ComputeShaderElem.cpp">
      <Filter>Source Files</Filter>
    </ClCompile>
    <ClCompile Include="LightCollectionElem.cpp">
      <Filter>Source Files</Filter>
    </ClCompile>
    <ClCompile Include="Overlay2D.cpp">
      <Filter>Source Files</Filter>
    </ClCompile>
    <ClCompile Include="MarchingCubesElem.cpp">
      <Filter>Source Files</Filter>
    </ClCompile>
    <ClCompile Include="SphereElem.ixx">
      <Filter>Source Files</Filter>
    </ClCompile>
    <ClCompile Include="CylinderElem.ixx">
      <Filter>Source Files</Filter>
    </ClCompile>
    <ClCompile Include="LineElem.ixx">
      <Filter>Source Files</Filter>
    </ClCompile>
    <ClCompile Include="CubeElem.ixx">
      <Filter>Source Files</Filter>
    </ClCompile>
    <ClCompile Include="Overlay2D.ixx">
      <Filter>Source Files</Filter>
    </ClCompile>
    <ClCompile Include="MeshElem.ixx">
      <Filter>Source Files</Filter>
    </ClCompile>
    <ClCompile Include="MaterialElem.ixx">
      <Filter>Source Files</Filter>
    </ClCompile>
    <ClCompile Include="MarchingCubesElem.ixx">
      <Filter>Source Files</Filter>
    </ClCompile>
    <ClCompile Include="CustomRenderElem.ixx">
      <Filter>Source Files</Filter>
    </ClCompile>
    <ClCompile Include="LightCollectionElem.ixx">
      <Filter>Source Files</Filter>
    </ClCompile>
    <ClCompile Include="ComputeShaderElem.ixx">
      <Filter>Source Files</Filter>
    </ClCompile>
    <ClCompile Include="GroupElem.ixx">
      <Filter>Source Files</Filter>
    </ClCompile>
    <ClCompile Include="SceneFactory.ixx">
      <Filter>Source Files</Filter>
    </ClCompile>
    <ClCompile Include="SceneGraph.ixx">
      <Filter>Source Files</Filter>
    </ClCompile>
    <ClCompile Include="SceneElem.ixx">
      <Filter>Source Files</Filter>
    </ClCompile>
    <ClCompile Include="ISceneElem.ixx">
      <Filter>Source Files\Interfaces</Filter>
    </ClCompile>
    <ClCompile Include="SceneCtx.ixx">
      <Filter>Source Files\Interfaces</Filter>
    </ClCompile>
    <ClCompile Include="ISceneGroupElem.ixx">
      <Filter>Source Files\Interfaces</Filter>
    </ClCompile>
    <ClCompile Include="ISceneOverlay2DElem.ixx">
      <Filter>Source Files\Interfaces</Filter>
    </ClCompile>
    <ClCompile Include="ISceneLineElem.ixx">
      <Filter>Source Files\Interfaces</Filter>
    </ClCompile>
    <ClCompile Include="ISceneSphereElem.ixx">
      <Filter>Source Files\Interfaces</Filter>
    </ClCompile>
    <ClCompile Include="ISceneCubeElem.ixx">
      <Filter>Source Files\Interfaces</Filter>
    </ClCompile>
    <ClCompile Include="ISceneCylinderElem.ixx">
      <Filter>Source Files\Interfaces</Filter>
    </ClCompile>
    <ClCompile Include="ISceneMaterialElem.ixx">
      <Filter>Source Files\Interfaces</Filter>
    </ClCompile>
    <ClCompile Include="ISceneComputeShaderElem.ixx">
      <Filter>Source Files\Interfaces</Filter>
    </ClCompile>
    <ClCompile Include="ISceneMarchingCubesElem.ixx">
      <Filter>Source Files\Interfaces</Filter>
    </ClCompile>
    <ClCompile Include="ISceneLightCollectionElem.ixx">
      <Filter>Source Files\Interfaces</Filter>
    </ClCompile>
    <ClCompile Include="ISceneMeshElem.ixx">
      <Filter>Source Files\Interfaces</Filter>
    </ClCompile>
    <ClCompile Include="ISceneCustomRenderElem.ixx">
      <Filter>Source Files\Interfaces</Filter>
    </ClCompile>
    <ClCompile Include="ISceneGraph.ixx">
      <Filter>Source Files\Interfaces</Filter>
    </ClCompile>
    <ClCompile Include="ISceneFactory.ixx">
      <Filter>Source Files\Interfaces</Filter>
    </ClCompile>
    <ClCompile Include="ISceneGroupElem.cpp">
      <Filter>Source Files\Interfaces</Filter>
    </ClCompile>
    <ClCompile Include="ISceneMeshElem.cpp">
      <Filter>Source Files\Interfaces</Filter>
    </ClCompile>
    <ClCompile Include="ISceneMaterialElem.cpp">
      <Filter>Source Files\Interfaces</Filter>
    </ClCompile>
    <ClCompile Include="ISceneFactory.cpp">
      <Filter>Source Files\Interfaces</Filter>
    </ClCompile>
    <ClCompile Include="ISceneGraph.cpp">
      <Filter>Source Files\Interfaces</Filter>
    </ClCompile>
    <ClCompile Include="ISceneComputeShaderElem.cpp">
      <Filter>Source Files\Interfaces</Filter>
    </ClCompile>
    <ClCompile Include="ISceneCubeElem.cpp">
      <Filter>Source Files\Interfaces</Filter>
    </ClCompile>
    <ClCompile Include="ISceneCustomRenderElem.cpp">
      <Filter>Source Files\Interfaces</Filter>
    </ClCompile>
    <ClCompile Include="ISceneCylinderElem.cpp">
      <Filter>Source Files\Interfaces</Filter>
    </ClCompile>
    <ClCompile Include="ISceneLightCollectionElem.cpp">
      <Filter>Source Files\Interfaces</Filter>
    </ClCompile>
    <ClCompile Include="ISceneLineElem.cpp">
      <Filter>Source Files\Interfaces</Filter>
    </ClCompile>
    <ClCompile Include="ISceneMarchingCubesElem.cpp">
      <Filter>Source Files\Interfaces</Filter>
    </ClCompile>
    <ClCompile Include="ISceneOverlay2DElem.cpp">
      <Filter>Source Files\Interfaces</Filter>
    </ClCompile>
    <ClCompile Include="ISceneSphereElem.cpp">
      <Filter>Source Files\Interfaces</Filter>
    </ClCompile>
    <ClCompile Include="ISceneCameraCollectionElem.ixx">
      <Filter>Source Files\Interfaces</Filter>
    </ClCompile>
    <ClCompile Include="ISceneCameraCollectionElem.cpp">
      <Filter>Source Files\Interfaces</Filter>
    </ClCompile>
    <ClCompile Include="CameraCollectionElem.cpp">
      <Filter>Source Files</Filter>
    </ClCompile>
    <ClCompile Include="CameraCollectionElem.ixx">
      <Filter>Source Files</Filter>
    </ClCompile>
    <ClCompile Include="ISceneLevelOfDetailElem.ixx">
      <Filter>Source Files\Interfaces</Filter>
    </ClCompile>
    <ClCompile Include="ISceneLevelOfDetailElem.cpp">
      <Filter>Source Files\Interfaces</Filter>
    </ClCompile>
    <ClCompile Include="LevelOfDetailElem.cpp">
      <Filter>Source Files</Filter>
    </ClCompile>
    <ClCompile Include="LevelOfDetailElem.ixx">
      <Filter>Source Files</Filter>
    </ClCompile>
    <ClCompile Include="SceneElem.cpp">
      <Filter>Source Files</Filter>
    </ClCompile>
  </ItemGroup>
  <ItemGroup>
    <None Include="Overlay2D.ps">
      <Filter>Source Files\Shaders</Filter>
    </None>
    <None Include="Overlay2D.vs">
      <Filter>Source Files\Shaders</Filter>
    </None>
    <None Include="MCCountVerts.cs">
      <Filter>Source Files\Shaders</Filter>
    </None>
    <None Include="MCEmitVerts.cs">
      <Filter>Source Files\Shaders</Filter>
    </None>
    <None Include="MCAllocVerts.cs">
      <Filter>Source Files\Shaders</Filter>
    </None>
    <None Include="MCSinglePass.cs">
      <Filter>Source Files\Shaders</Filter>
    </None>
  </ItemGroup>
  <ItemGroup>
    <CustomBuild Include="Overlay2D.xml">
      <Filter>Source Files\Shaders\Definitions</Filter>
    </CustomBuild>
    <CustomBuild Include="MCCountVerts.xml">
      <Filter>Source Files\Shaders\Definitions</Filter>
    </CustomBuild>
    <CustomBuild Include="MCEmitVerts.xml">
      <Filter>Source Files\Shaders\Definitions</Filter>
    </CustomBuild>
    <CustomBuild Include="MCAllocVerts.xml">
      <Filter>Source Files\Shaders\Definitions</Filter>
    </CustomBuild>
    <CustomBuild Include="MCSinglePass.xml">
      <Filter>Source Files\Shaders\Definitions</Filter>
    </CustomBuild>
  </ItemGroup>
</Project>