<?xml version="1.0" encoding="utf-8"?>
<Project ToolsVersion="4.0" xmlns="http://schemas.microsoft.com/developer/msbuild/2003">
  <ItemGroup>
    <Filter Include="Source Files">
      <UniqueIdentifier>{4FC737F1-C7A5-4376-A066-2A32D752A2FF}</UniqueIdentifier>
      <Extensions>cpp;c;cc;cxx;def;odl;idl;hpj;bat;asm;asmx</Extensions>
    </Filter>
    <Filter Include="Source Files\Shaders">
      <UniqueIdentifier>{9e52d0b6-6d44-49cc-acda-839dd6cc06c4}</UniqueIdentifier>
    </Filter>
  </ItemGroup>
  <ItemGroup>
    <ClInclude Include="SceneGraphImpl.h">
      <Filter>Source Files</Filter>
    </ClInclude>
    <ClInclude Include="GroupElem.h">
      <Filter>Source Files</Filter>
    </ClInclude>
    <ClInclude Include="MeshElem.h">
      <Filter>Source Files</Filter>
    </ClInclude>
    <ClInclude Include="PointLightElem.h">
      <Filter>Source Files</Filter>
    </ClInclude>
    <ClInclude Include="MaterialElem.h">
      <Filter>Source Files</Filter>
    </ClInclude>
    <ClInclude Include="stdafx.h">
      <Filter>Source Files</Filter>
    </ClInclude>
    <ClInclude Include="targetver.h">
      <Filter>Source Files</Filter>
    </ClInclude>
    <ClInclude Include="SceneGraph.h">
      <Filter>Source Files</Filter>
    </ClInclude>
    <ClInclude Include="ISceneFactory.h">
      <Filter>Source Files</Filter>
    </ClInclude>
    <ClInclude Include="SceneFactory.h">
      <Filter>Source Files</Filter>
    </ClInclude>
    <ClInclude Include="CustomRenderElem.h">
      <Filter>Source Files</Filter>
    </ClInclude>
  </ItemGroup>
  <ItemGroup>
    <ClCompile Include="stdafx.cpp">
      <Filter>Source Files</Filter>
    </ClCompile>
    <ClCompile Include="SceneGraph.cpp">
      <Filter>Source Files</Filter>
    </ClCompile>
    <ClCompile Include="GroupElem.cpp">
      <Filter>Source Files</Filter>
    </ClCompile>
    <ClCompile Include="MeshElem.cpp">
      <Filter>Source Files</Filter>
    </ClCompile>
    <ClCompile Include="PointLightElem.cpp">
      <Filter>Source Files</Filter>
    </ClCompile>
    <ClCompile Include="MaterialElem.cpp">
      <Filter>Source Files</Filter>
    </ClCompile>
    <ClCompile Include="SceneFactory.cpp">
      <Filter>Source Files</Filter>
    </ClCompile>
    <ClCompile Include="CustomRenderElem.cpp">
      <Filter>Source Files</Filter>
    </ClCompile>
  </ItemGroup>
</Project>