<?xml version="1.0" encoding="utf-8"?>
<Project ToolsVersion="4.0" xmlns="http://schemas.microsoft.com/developer/msbuild/2003">
  <ItemGroup>
    <Filter Include="Source Files">
      <UniqueIdentifier>{4FC737F1-C7A5-4376-A066-2A32D752A2FF}</UniqueIdentifier>
      <Extensions>cpp;c;cc;cxx;def;odl;idl;hpj;bat;asm;asmx</Extensions>
    </Filter>
    <Filter Include="Source Files\Shaders">
      <UniqueIdentifier>{9e52d0b6-6d44-49cc-acda-839dd6cc06c4}</UniqueIdentifier>
    </Filter>
    <Filter Include="Source Files\Shaders\Definitions">
      <UniqueIdentifier>{21c49b89-a9bf-43b0-af37-fb0a7eaaac42}</UniqueIdentifier>
    </Filter>
  </ItemGroup>
  <ItemGroup>
    <ClInclude Include="SceneGraphImpl.h">
      <Filter>Source Files</Filter>
    </ClInclude>
    <ClInclude Include="GroupElem.h">
      <Filter>Source Files</Filter>
    </ClInclude>
    <ClInclude Include="MeshElem.h">
      <Filter>Source Files</Filter>
    </ClInclude>
    <ClInclude Include="MaterialElem.h">
      <Filter>Source Files</Filter>
    </ClInclude>
    <ClInclude Include="SceneGraph.h">
      <Filter>Source Files</Filter>
    </ClInclude>
    <ClInclude Include="ISceneFactory.h">
      <Filter>Source Files</Filter>
    </ClInclude>
    <ClInclude Include="SceneFactory.h">
      <Filter>Source Files</Filter>
    </ClInclude>
    <ClInclude Include="CustomRenderElem.h">
      <Filter>Source Files</Filter>
    </ClInclude>
    <ClInclude Include="ComputeShaderElem.h">
      <Filter>Source Files</Filter>
    </ClInclude>
    <ClInclude Include="LightCollectionElem.h">
      <Filter>Source Files</Filter>
    </ClInclude>
    <ClInclude Include="Overlay2D.h">
      <Filter>Source Files</Filter>
    </ClInclude>
    <ClInclude Include="LineElem.h">
      <Filter>Source Files</Filter>
    </ClInclude>
    <ClInclude Include="CubeElem.h">
      <Filter>Source Files</Filter>
    </ClInclude>
    <ClInclude Include="CylinderElem.h">
      <Filter>Source Files</Filter>
    </ClInclude>
    <ClInclude Include="MarchingCubesElem.h">
      <Filter>Source Files</Filter>
    </ClInclude>
  </ItemGroup>
  <ItemGroup>
    <ClCompile Include="SceneGraph.cpp">
      <Filter>Source Files</Filter>
    </ClCompile>
    <ClCompile Include="GroupElem.cpp">
      <Filter>Source Files</Filter>
    </ClCompile>
    <ClCompile Include="MeshElem.cpp">
      <Filter>Source Files</Filter>
    </ClCompile>
    <ClCompile Include="MaterialElem.cpp">
      <Filter>Source Files</Filter>
    </ClCompile>
    <ClCompile Include="SceneFactory.cpp">
      <Filter>Source Files</Filter>
    </ClCompile>
    <ClCompile Include="CustomRenderElem.cpp">
      <Filter>Source Files</Filter>
    </ClCompile>
    <ClCompile Include="ComputeShaderElem.cpp">
      <Filter>Source Files</Filter>
    </ClCompile>
    <ClCompile Include="LightCollectionElem.cpp">
      <Filter>Source Files</Filter>
    </ClCompile>
    <ClCompile Include="Overlay2D.cpp">
      <Filter>Source Files</Filter>
    </ClCompile>
    <ClCompile Include="LineElem.cpp">
      <Filter>Source Files</Filter>
    </ClCompile>
    <ClCompile Include="CubeElem.cpp">
      <Filter>Source Files</Filter>
    </ClCompile>
    <ClCompile Include="CylinderElem.cpp">
      <Filter>Source Files</Filter>
    </ClCompile>
    <ClCompile Include="SphereElem.cpp">
      <Filter>Source Files</Filter>
    </ClCompile>
    <ClCompile Include="MarchingCubesElem.cpp">
      <Filter>Source Files</Filter>
    </ClCompile>
    <ClCompile Include="SphereElem.ixx">
      <Filter>Source Files</Filter>
    </ClCompile>
  </ItemGroup>
  <ItemGroup>
    <None Include="Overlay2D.ps">
      <Filter>Source Files\Shaders</Filter>
    </None>
    <None Include="Overlay2D.vs">
      <Filter>Source Files\Shaders</Filter>
    </None>
    <None Include="MCCountVerts.cs">
      <Filter>Source Files\Shaders</Filter>
    </None>
    <None Include="MCEmitVerts.cs">
      <Filter>Source Files\Shaders</Filter>
    </None>
    <None Include="MCAllocVerts.cs">
      <Filter>Source Files\Shaders</Filter>
    </None>
    <None Include="MCSinglePass.cs">
      <Filter>Source Files\Shaders</Filter>
    </None>
  </ItemGroup>
  <ItemGroup>
    <CustomBuild Include="Overlay2D.xml">
      <Filter>Source Files\Shaders\Definitions</Filter>
    </CustomBuild>
    <CustomBuild Include="MCCountVerts.xml">
      <Filter>Source Files\Shaders\Definitions</Filter>
    </CustomBuild>
    <CustomBuild Include="MCEmitVerts.xml">
      <Filter>Source Files\Shaders\Definitions</Filter>
    </CustomBuild>
    <CustomBuild Include="MCAllocVerts.xml">
      <Filter>Source Files\Shaders\Definitions</Filter>
    </CustomBuild>
    <CustomBuild Include="MCSinglePass.xml">
      <Filter>Source Files\Shaders\Definitions</Filter>
    </CustomBuild>
  </ItemGroup>
</Project>